{
  "name": "moviehome1",
  "version": "1.0.0",
  "lockfileVersion": 1,
  "requires": true,
  "dependencies": {
    "bluebird": {
      "version": "3.5.4",
      "resolved": "https://registry.npm.taobao.org/bluebird/download/bluebird-3.5.4.tgz",
      "dev": true
    },
    "koa": {
      "version": "2.7.0",
      "resolved": "https://registry.npm.taobao.org/koa/download/koa-2.7.0.tgz",
      "dev": true,
      "requires": {
        "koa-convert": "^1.2.0"
      },
      "dependencies": {
        "accepts": {
          "version": "https://registry.npm.taobao.org/accepts/download/accepts-1.3.7.tgz",
          "bundled": true
        },
        "cache-content-type": {
          "version": "https://registry.npm.taobao.org/cache-content-type/download/cache-content-type-1.0.1.tgz",
          "bundled": true,
          "dependencies": {
            "mime-types": {
              "version": "https://registry.npm.taobao.org/mime-types/download/mime-types-2.1.24.tgz",
              "bundled": true,
              "dependencies": {
                "mime-db": {
                  "version": "https://registry.npm.taobao.org/mime-db/download/mime-db-1.40.0.tgz",
                  "bundled": true
                }
              }
            },
            "ylru": {
              "version": "https://registry.npm.taobao.org/ylru/download/ylru-1.2.1.tgz",
              "bundled": true
            }
          }
        },
        "content-disposition": {
          "version": "https://registry.npm.taobao.org/content-disposition/download/content-disposition-0.5.3.tgz",
          "bundled": true
        },
        "content-type": {
          "version": "https://registry.npm.taobao.org/content-type/download/content-type-1.0.4.tgz?cache=0&other_urls=https%3A%2F%2Fregistry.npm.taobao.org%2Fcontent-type%2Fdownload%2Fcontent-type-1.0.4.tgz",
          "bundled": true
        },
        "cookies": {
          "version": "https://registry.npm.taobao.org/cookies/download/cookies-0.7.3.tgz",
          "bundled": true
        },
        "debug": {
          "version": "https://registry.npm.taobao.org/debug/download/debug-3.1.0.tgz",
          "bundled": true
        },
        "delegates": {
          "version": "https://registry.npm.taobao.org/delegates/download/delegates-1.0.0.tgz",
          "bundled": true
        },
        "depd": {
          "version": "https://registry.npm.taobao.org/depd/download/depd-1.1.2.tgz",
          "bundled": true
        },
        "destroy": {
          "version": "https://registry.npm.taobao.org/destroy/download/destroy-1.0.4.tgz",
          "bundled": true
        },
        "error-inject": {
          "version": "https://registry.npm.taobao.org/error-inject/download/error-inject-1.0.0.tgz",
          "bundled": true
        },
        "escape-html": {
          "version": "https://registry.npm.taobao.org/escape-html/download/escape-html-1.0.3.tgz",
          "bundled": true
        },
        "fresh": {
          "version": "https://registry.npm.taobao.org/fresh/download/fresh-0.5.2.tgz",
          "bundled": true
        },
        "http-assert": {
          "version": "https://registry.npm.taobao.org/http-assert/download/http-assert-1.4.1.tgz",
          "bundled": true
        },
        "http-errors": {
          "version": "https://registry.npm.taobao.org/http-errors/download/http-errors-1.7.2.tgz",
          "bundled": true,
          "dependencies": {
            "depd": {
              "version": "https://registry.npm.taobao.org/depd/download/depd-1.1.2.tgz",
              "bundled": true
            },
            "inherits": {
              "version": "https://registry.npm.taobao.org/inherits/download/inherits-2.0.3.tgz",
              "bundled": true
            },
            "setprototypeof": {
              "version": "https://registry.npm.taobao.org/setprototypeof/download/setprototypeof-1.1.1.tgz",
              "bundled": true
            },
            "statuses": {
              "version": "https://registry.npm.taobao.org/statuses/download/statuses-1.5.0.tgz",
              "bundled": true
            },
            "toidentifier": {
              "version": "https://registry.npm.taobao.org/toidentifier/download/toidentifier-1.0.0.tgz",
              "bundled": true
            }
          }
        },
        "is-generator-function": {
          "version": "https://registry.npm.taobao.org/is-generator-function/download/is-generator-function-1.0.7.tgz",
          "bundled": true
        },
        "koa-compose": {
          "version": "https://registry.npm.taobao.org/koa-compose/download/koa-compose-4.1.0.tgz",
          "bundled": true
        },
        "koa-convert": {
          "version": "https://registry.npm.taobao.org/koa-convert/download/koa-convert-1.2.0.tgz",
          "bundled": true
        },
        "koa-is-json": {
          "version": "https://registry.npm.taobao.org/koa-is-json/download/koa-is-json-1.0.0.tgz",
          "bundled": true
        },
        "on-finished": {
          "version": "https://registry.npm.taobao.org/on-finished/download/on-finished-2.3.0.tgz",
          "bundled": true
        },
        "only": {
          "version": "https://registry.npm.taobao.org/only/download/only-0.0.2.tgz",
          "bundled": true
        },
        "parseurl": {
          "version": "https://registry.npm.taobao.org/parseurl/download/parseurl-1.3.3.tgz",
          "bundled": true
        },
        "statuses": {
          "version": "https://registry.npm.taobao.org/statuses/download/statuses-1.5.0.tgz",
          "bundled": true
        },
        "type-is": {
          "version": "https://registry.npm.taobao.org/type-is/download/type-is-1.6.18.tgz",
          "bundled": true
        },
        "vary": {
          "version": "https://registry.npm.taobao.org/vary/download/vary-1.1.2.tgz",
          "bundled": true
        }
      }
    },
    "koa-better-body": {
      "version": "3.0.4",
      "resolved": "https://registry.npm.taobao.org/koa-better-body/download/koa-better-body-3.0.4.tgz",
      "dev": true,
      "dependencies": {
        "extend-shallow": {
          "version": "https://registry.npm.taobao.org/extend-shallow/download/extend-shallow-2.0.1.tgz",
          "bundled": true
        },
        "formidable": {
          "version": "https://registry.npm.taobao.org/formidable/download/formidable-1.2.1.tgz",
          "bundled": true
        },
        "koa-body-parsers": {
          "version": "https://github.com/tunnckoCore/body-parsers.git#master",
          "bundled": true,
          "dependencies": {
            "raw-body": {
              "version": "https://registry.npm.taobao.org/raw-body/download/raw-body-2.4.0.tgz"
            }
          }
        }
      }
    },
    "koa-convert": {
      "version": "1.2.0",
      "resolved": "https://registry.npm.taobao.org/koa-convert/download/koa-convert-1.2.0.tgz",
      "dev": true,
      "dependencies": {
        "co": {
          "version": "https://registry.npm.taobao.org/co/download/co-4.6.0.tgz"
        },
        "koa-compose": {
          "version": "https://registry.npm.taobao.org/koa-compose/download/koa-compose-3.2.1.tgz"
        }
      }
    },
    "koa-ejs": {
      "version": "4.2.0",
      "resolved": "https://registry.npm.taobao.org/koa-ejs/download/koa-ejs-4.2.0.tgz",
      "dev": true,
      "dependencies": {
        "debug": {
          "version": "https://registry.npm.taobao.org/debug/download/debug-2.6.9.tgz",
          "bundled": true,
          "dependencies": {
            "ms": {
              "version": "https://registry.npm.taobao.org/ms/download/ms-2.0.0.tgz"
            }
          }
        },
        "ejs": {
          "version": "https://registry.npm.taobao.org/ejs/download/ejs-2.6.1.tgz",
          "bundled": true
        },
        "mz": {
          "version": "https://registry.npm.taobao.org/mz/download/mz-2.7.0.tgz",
          "bundled": true
        }
      }
    },
    "koa-router": {
      "version": "7.4.0",
      "resolved": "https://registry.npm.taobao.org/koa-router/download/koa-router-7.4.0.tgz",
      "dev": true,
      "dependencies": {
        "debug": {
          "version": "https://registry.npm.taobao.org/debug/download/debug-3.2.6.tgz",
          "bundled": true,
          "dependencies": {
            "ms": {
              "version": "https://registry.npm.taobao.org/ms/download/ms-2.1.1.tgz"
            }
          }
        },
        "http-errors": {
          "version": "https://registry.npm.taobao.org/http-errors/download/http-errors-1.7.2.tgz",
          "bundled": true
        },
        "koa-compose": {
          "version": "https://registry.npm.taobao.org/koa-compose/download/koa-compose-3.2.1.tgz",
          "bundled": true,
          "dependencies": {
            "any-promise": {
              "version": "https://registry.npm.taobao.org/any-promise/download/any-promise-1.3.0.tgz"
            }
          }
        },
        "methods": {
          "version": "https://registry.npm.taobao.org/methods/download/methods-1.1.2.tgz",
          "bundled": true
        },
        "path-to-regexp": {
          "version": "https://registry.npm.taobao.org/path-to-regexp/download/path-to-regexp-1.7.0.tgz",
          "bundled": true
        },
        "urijs": {
          "version": "https://registry.npm.taobao.org/urijs/download/urijs-1.19.1.tgz",
          "bundled": true
        }
      }
    },
    "koa-session": {
      "version": "5.11.0",
      "resolved": "https://registry.npm.taobao.org/koa-session/download/koa-session-5.11.0.tgz",
      "dev": true,
      "requires": {
        "uuid": "^3.3.2"
      },
      "dependencies": {
        "crc": {
          "version": "https://registry.npm.taobao.org/crc/download/crc-3.8.0.tgz",
          "bundled": true
        },
        "debug": {
          "version": "https://registry.npm.taobao.org/debug/download/debug-3.2.6.tgz",
          "bundled": true,
          "dependencies": {
            "ms": {
              "version": "https://registry.npm.taobao.org/ms/download/ms-2.1.1.tgz"
            }
          }
        },
        "is-type-of": {
          "version": "https://registry.npm.taobao.org/is-type-of/download/is-type-of-1.2.1.tgz",
          "bundled": true
        },
        "uuid": {
          "version": "https://registry.npm.taobao.org/uuid/download/uuid-3.3.2.tgz",
          "bundled": true
        }
      }
    },
    "koa-static": {
      "version": "5.0.0",
      "resolved": "https://registry.npm.taobao.org/koa-static/download/koa-static-5.0.0.tgz",
      "dev": true,
      "dependencies": {
        "debug": {
          "version": "https://registry.npm.taobao.org/debug/download/debug-3.2.6.tgz",
          "bundled": true,
          "dependencies": {
            "ms": {
              "version": "https://registry.npm.taobao.org/ms/download/ms-2.1.1.tgz"
            }
          }
        },
        "koa-send": {
          "version": "https://registry.npm.taobao.org/koa-send/download/koa-send-5.0.0.tgz",
          "bundled": true,
          "dependencies": {
            "debug": {
              "version": "https://registry.npm.taobao.org/debug/download/debug-3.2.6.tgz"
            },
            "http-errors": {
              "version": "https://registry.npm.taobao.org/http-errors/download/http-errors-1.7.2.tgz",
              "dependencies": {
                "depd": {
                  "version": "https://registry.npm.taobao.org/depd/download/depd-1.1.2.tgz",
                  "bundled": true
                },
                "inherits": {
                  "version": "https://registry.npm.taobao.org/inherits/download/inherits-2.0.3.tgz",
                  "bundled": true
                },
                "setprototypeof": {
                  "version": "https://registry.npm.taobao.org/setprototypeof/download/setprototypeof-1.1.1.tgz",
                  "bundled": true
                },
                "statuses": {
                  "version": "https://registry.npm.taobao.org/statuses/download/statuses-1.5.0.tgz",
                  "bundled": true
                },
                "toidentifier": {
                  "version": "https://registry.npm.taobao.org/toidentifier/download/toidentifier-1.0.0.tgz",
                  "bundled": true
                }
              }
            },
            "mz": {
              "version": "https://registry.npm.taobao.org/mz/download/mz-2.7.0.tgz",
              "dependencies": {
                "any-promise": {
                  "version": "https://registry.npm.taobao.org/any-promise/download/any-promise-1.3.0.tgz",
                  "bundled": true
                },
                "object-assign": {
                  "version": "https://registry.npm.taobao.org/object-assign/download/object-assign-4.1.1.tgz?cache=0&other_urls=https%3A%2F%2Fregistry.npm.taobao.org%2Fobject-assign%2Fdownload%2Fobject-assign-4.1.1.tgz",
                  "bundled": true
                },
                "thenify-all": {
                  "version": "https://registry.npm.taobao.org/thenify-all/download/thenify-all-1.6.0.tgz",
                  "bundled": true
                }
              }
            },
            "resolve-path": {
              "version": "https://registry.npm.taobao.org/resolve-path/download/resolve-path-1.4.0.tgz"
            }
          }
        }
      }
    },
    "layui-src": {
      "version": "2.4.5",
      "resolved": "https://registry.npmjs.org/layui-src/-/layui-src-2.4.5.tgz",
      "integrity": "sha512-dPaMlKaq6nip9c8GoJccnVatN39k8I/p3UtqPvMX+TZKsAp6nGpysE7UZb5rvqGpZaL6ESqFqkmrwHj7BijLlA==",
      "dev": true
    },
    "memorystream": {
      "version": "0.3.1",
      "resolved": "https://registry.npm.taobao.org/memorystream/download/memorystream-0.3.1.tgz",
      "dev": true
    },
    "opn": {
      "version": "5.5.0",
      "resolved": "https://registry.npm.taobao.org/opn/download/opn-5.5.0.tgz",
      "dev": true,
      "dependencies": {
        "is-wsl": {
          "version": "https://registry.npm.taobao.org/is-wsl/download/is-wsl-1.1.0.tgz"
        }
      }
    },
    "promise-fs": {
      "version": "2.1.0",
      "resolved": "https://registry.npm.taobao.org/promise-fs/download/promise-fs-2.1.0.tgz",
      "dev": true,
      "dependencies": {
        "@octetstream/eslint-config": {
          "version": "https://registry.npm.taobao.org/@octetstream/eslint-config/download/@octetstream/eslint-config-3.0.0.tgz",
          "dependencies": {
            "babel-eslint": {
              "version": "https://registry.npm.taobao.org/babel-eslint/download/babel-eslint-9.0.0.tgz",
              "bundled": true
            },
            "eslint-config-airbnb-base": {
              "version": "https://registry.npm.taobao.org/eslint-config-airbnb-base/download/eslint-config-airbnb-base-13.1.0.tgz",
              "bundled": true
            },
            "eslint-plugin-import": {
              "version": "https://registry.npm.taobao.org/eslint-plugin-import/download/eslint-plugin-import-2.17.2.tgz",
              "bundled": true
            },
            "eslint-plugin-promise": {
              "version": "https://registry.npm.taobao.org/eslint-plugin-promise/download/eslint-plugin-promise-4.1.1.tgz",
              "bundled": true
            }
          }
        },
        "@octetstream/promisify": {
          "version": "https://registry.npm.taobao.org/@octetstream/promisify/download/@octetstream/promisify-2.0.2.tgz"
        }
      }
    },
    "promise-mysql": {
      "version": "3.3.1",
      "resolved": "https://registry.npm.taobao.org/promise-mysql/download/promise-mysql-3.3.1.tgz",
      "dev": true,
      "requires": {
        "bluebird": "^3.5.0"
      },
      "dependencies": {
        "@types/bluebird": {
          "version": "https://registry.npm.taobao.org/@types/bluebird/download/@types/bluebird-3.5.26.tgz"
        },
        "@types/mysql": {
          "version": "https://registry.npm.taobao.org/@types/mysql/download/@types/mysql-2.15.6.tgz",
          "dependencies": {
            "@types/node": {
              "version": "https://registry.npm.taobao.org/@types/node/download/@types/node-12.0.0.tgz",
              "bundled": true
            }
          }
        },
        "bluebird": {
          "version": "https://registry.npm.taobao.org/bluebird/download/bluebird-3.5.4.tgz"
        },
        "mysql": {
          "version": "https://registry.npm.taobao.org/mysql/download/mysql-2.17.1.tgz"
        }
      }
    },
    "redis": {
      "version": "2.8.0",
      "resolved": "https://registry.npm.taobao.org/redis/download/redis-2.8.0.tgz",
      "dev": true,
      "dependencies": {
        "double-ended-queue": {
          "version": "https://registry.npm.taobao.org/double-ended-queue/download/double-ended-queue-2.1.0-0.tgz",
          "bundled": true
        },
        "redis-commands": {
          "version": "https://registry.npm.taobao.org/redis-commands/download/redis-commands-1.4.0.tgz",
          "bundled": true
        },
        "redis-parser": {
          "version": "https://registry.npm.taobao.org/redis-parser/download/redis-parser-2.6.0.tgz",
          "bundled": true
        }
      }
    },
    "uuid": {
      "version": "3.3.2",
      "resolved": "https://registry.npm.taobao.org/uuid/download/uuid-3.3.2.tgz",
      "dev": true
    }
  }
}
